// !$*UTF8*$!
{
	archiveVersion = 1;
	classes = {
	};
	objectVersion = 56;
	objects = {

/* Begin PBXBuildFile section */
		118346312CC636C000199EF8 /* journalApp.swift in Sources */ = {isa = PBXBuildFile; fileRef = 118346302CC636C000199EF8 /* journalApp.swift */; };
		118346332CC636C000199EF8 /* ContentView.swift in Sources */ = {isa = PBXBuildFile; fileRef = 118346322CC636C000199EF8 /* ContentView.swift */; };
		118346352CC636C100199EF8 /* Assets.xcassets in Resources */ = {isa = PBXBuildFile; fileRef = 118346342CC636C100199EF8 /* Assets.xcassets */; };
		118346382CC636C100199EF8 /* Preview Assets.xcassets in Resources */ = {isa = PBXBuildFile; fileRef = 118346372CC636C100199EF8 /* Preview Assets.xcassets */; };
		118346422CC636C100199EF8 /* journalTests.swift in Sources */ = {isa = PBXBuildFile; fileRef = 118346412CC636C100199EF8 /* journalTests.swift */; };
		1183464C2CC636C100199EF8 /* journalUITests.swift in Sources */ = {isa = PBXBuildFile; fileRef = 1183464B2CC636C100199EF8 /* journalUITests.swift */; };
		1183464E2CC636C100199EF8 /* journalUITestsLaunchTests.swift in Sources */ = {isa = PBXBuildFile; fileRef = 1183464D2CC636C100199EF8 /* journalUITestsLaunchTests.swift */; };
/* End PBXBuildFile section */

/* Begin PBXContainerItemProxy section */
		1183463E2CC636C100199EF8 /* PBXContainerItemProxy */ = {
			isa = PBXContainerItemProxy;
			containerPortal = 118346252CC636C000199EF8 /* Project object */;
			proxyType = 1;
			remoteGlobalIDString = 1183462C2CC636C000199EF8;
			remoteInfo = journal;
		};
		118346482CC636C100199EF8 /* PBXContainerItemProxy */ = {
			isa = PBXContainerItemProxy;
			containerPortal = 118346252CC636C000199EF8 /* Project object */;
			proxyType = 1;
			remoteGlobalIDString = 1183462C2CC636C000199EF8;
			remoteInfo = journal;
		};
/* End PBXContainerItemProxy section */

/* Begin PBXFileReference section */
		1183462D2CC636C000199EF8 /* journal.app */ = {isa = PBXFileReference; explicitFileType = wrapper.application; includeInIndex = 0; path = journal.app; sourceTree = BUILT_PRODUCTS_DIR; };
		118346302CC636C000199EF8 /* journalApp.swift */ = {isa = PBXFileReference; lastKnownFileType = sourcecode.swift; path = journalApp.swift; sourceTree = "<group>"; };
		118346322CC636C000199EF8 /* ContentView.swift */ = {isa = PBXFileReference; lastKnownFileType = sourcecode.swift; path = ContentView.swift; sourceTree = "<group>"; };
		118346342CC636C100199EF8 /* Assets.xcassets */ = {isa = PBXFileReference; lastKnownFileType = folder.assetcatalog; path = Assets.xcassets; sourceTree = "<group>"; };
		118346372CC636C100199EF8 /* Preview Assets.xcassets */ = {isa = PBXFileReference; lastKnownFileType = folder.assetcatalog; path = "Preview Assets.xcassets"; sourceTree = "<group>"; };
		1183463D2CC636C100199EF8 /* journalTests.xctest */ = {isa = PBXFileReference; explicitFileType = wrapper.cfbundle; includeInIndex = 0; path = journalTests.xctest; sourceTree = BUILT_PRODUCTS_DIR; };
		118346412CC636C100199EF8 /* journalTests.swift */ = {isa = PBXFileReference; lastKnownFileType = sourcecode.swift; path = journalTests.swift; sourceTree = "<group>"; };
		118346472CC636C100199EF8 /* journalUITests.xctest */ = {isa = PBXFileReference; explicitFileType = wrapper.cfbundle; includeInIndex = 0; path = journalUITests.xctest; sourceTree = BUILT_PRODUCTS_DIR; };
		1183464B2CC636C100199EF8 /* journalUITests.swift */ = {isa = PBXFileReference; lastKnownFileType = sourcecode.swift; path = journalUITests.swift; sourceTree = "<group>"; };
		1183464D2CC636C100199EF8 /* journalUITestsLaunchTests.swift */ = {isa = PBXFileReference; lastKnownFileType = sourcecode.swift; path = journalUITestsLaunchTests.swift; sourceTree = "<group>"; };
/* End PBXFileReference section */

/* Begin PBXFrameworksBuildPhase section */
		1183462A2CC636C000199EF8 /* Frameworks */ = {
			isa = PBXFrameworksBuildPhase;
			buildActionMask = 2147483647;
			files = (
			);
			runOnlyForDeploymentPostprocessing = 0;
		};
		1183463A2CC636C100199EF8 /* Frameworks */ = {
			isa = PBXFrameworksBuildPhase;
			buildActionMask = 2147483647;
			files = (
			);
			runOnlyForDeploymentPostprocessing = 0;
		};
		118346442CC636C100199EF8 /* Frameworks */ = {
			isa = PBXFrameworksBuildPhase;
			buildActionMask = 2147483647;
			files = (
			);
			runOnlyForDeploymentPostprocessing = 0;
		};
/* End PBXFrameworksBuildPhase section */

/* Begin PBXGroup section */
		118346242CC636C000199EF8 = {
			isa = PBXGroup;
			children = (
				1183462F2CC636C000199EF8 /* journal */,
				118346402CC636C100199EF8 /* journalTests */,
				1183464A2CC636C100199EF8 /* journalUITests */,
				1183462E2CC636C000199EF8 /* Products */,
			);
			sourceTree = "<group>";
		};
		1183462E2CC636C000199EF8 /* Products */ = {
			isa = PBXGroup;
			children = (
				1183462D2CC636C000199EF8 /* journal.app */,
				1183463D2CC636C100199EF8 /* journalTests.xctest */,
				118346472CC636C100199EF8 /* journalUITests.xctest */,
			);
			name = Products;
			sourceTree = "<group>";
		};
		1183462F2CC636C000199EF8 /* journal */ = {
			isa = PBXGroup;
			children = (
				118346302CC636C000199EF8 /* journalApp.swift */,
				118346322CC636C000199EF8 /* ContentView.swift */,
				118346342CC636C100199EF8 /* Assets.xcassets */,
				118346362CC636C100199EF8 /* Preview Content */,
			);
			path = journal;
			sourceTree = "<group>";
		};
		118346362CC636C100199EF8 /* Preview Content */ = {
			isa = PBXGroup;
			children = (
				118346372CC636C100199EF8 /* Preview Assets.xcassets */,
			);
			path = "Preview Content";
			sourceTree = "<group>";
		};
		118346402CC636C100199EF8 /* journalTests */ = {
			isa = PBXGroup;
			children = (
				118346412CC636C100199EF8 /* journalTests.swift */,
			);
			path = journalTests;
			sourceTree = "<group>";
		};
		1183464A2CC636C100199EF8 /* journalUITests */ = {
			isa = PBXGroup;
			children = (
				1183464B2CC636C100199EF8 /* journalUITests.swift */,
				1183464D2CC636C100199EF8 /* journalUITestsLaunchTests.swift */,
			);
			path = journalUITests;
			sourceTree = "<group>";
		};
/* End PBXGroup section */

/* Begin PBXNativeTarget section */
		1183462C2CC636C000199EF8 /* journal */ = {
			isa = PBXNativeTarget;
			buildConfigurationList = 118346512CC636C100199EF8 /* Build configuration list for PBXNativeTarget "journal" */;
			buildPhases = (
				118346292CC636C000199EF8 /* Sources */,
				1183462A2CC636C000199EF8 /* Frameworks */,
				1183462B2CC636C000199EF8 /* Resources */,
			);
			buildRules = (
			);
			dependencies = (
			);
			name = journal;
			productName = journal;
			productReference = 1183462D2CC636C000199EF8 /* journal.app */;
			productType = "com.apple.product-type.application";
		};
		1183463C2CC636C100199EF8 /* journalTests */ = {
			isa = PBXNativeTarget;
			buildConfigurationList = 118346542CC636C100199EF8 /* Build configuration list for PBXNativeTarget "journalTests" */;
			buildPhases = (
				118346392CC636C100199EF8 /* Sources */,
				1183463A2CC636C100199EF8 /* Frameworks */,
				1183463B2CC636C100199EF8 /* Resources */,
			);
			buildRules = (
			);
			dependencies = (
				1183463F2CC636C100199EF8 /* PBXTargetDependency */,
			);
			name = journalTests;
			productName = journalTests;
			productReference = 1183463D2CC636C100199EF8 /* journalTests.xctest */;
			productType = "com.apple.product-type.bundle.unit-test";
		};
		118346462CC636C100199EF8 /* journalUITests */ = {
			isa = PBXNativeTarget;
			buildConfigurationList = 118346572CC636C100199EF8 /* Build configuration list for PBXNativeTarget "journalUITests" */;
			buildPhases = (
				118346432CC636C100199EF8 /* Sources */,
				118346442CC636C100199EF8 /* Frameworks */,
				118346452CC636C100199EF8 /* Resources */,
			);
			buildRules = (
			);
			dependencies = (
				118346492CC636C100199EF8 /* PBXTargetDependency */,
			);
			name = journalUITests;
			productName = journalUITests;
			productReference = 118346472CC636C100199EF8 /* journalUITests.xctest */;
			productType = "com.apple.product-type.bundle.ui-testing";
		};
/* End PBXNativeTarget section */

/* Begin PBXProject section */
		118346252CC636C000199EF8 /* Project object */ = {
			isa = PBXProject;
			attributes = {
				BuildIndependentTargetsInParallel = 1;
				LastSwiftUpdateCheck = 1540;
				LastUpgradeCheck = 1540;
				TargetAttributes = {
					1183462C2CC636C000199EF8 = {
						CreatedOnToolsVersion = 15.4;
					};
					1183463C2CC636C100199EF8 = {
						CreatedOnToolsVersion = 15.4;
						TestTargetID = 1183462C2CC636C000199EF8;
					};
					118346462CC636C100199EF8 = {
						CreatedOnToolsVersion = 15.4;
						TestTargetID = 1183462C2CC636C000199EF8;
					};
				};
			};
			buildConfigurationList = 118346282CC636C000199EF8 /* Build configuration list for PBXProject "journal" */;
			compatibilityVersion = "Xcode 14.0";
			developmentRegion = en;
			hasScannedForEncodings = 0;
			knownRegions = (
				en,
				Base,
			);
			mainGroup = 118346242CC636C000199EF8;
			productRefGroup = 1183462E2CC636C000199EF8 /* Products */;
			projectDirPath = "";
			projectRoot = "";
			targets = (
				1183462C2CC636C000199EF8 /* journal */,
				1183463C2CC636C100199EF8 /* journalTests */,
				118346462CC636C100199EF8 /* journalUITests */,
			);
		};
/* End PBXProject section */

/* Begin PBXResourcesBuildPhase section */
		1183462B2CC636C000199EF8 /* Resources */ = {
			isa = PBXResourcesBuildPhase;
			buildActionMask = 2147483647;
			files = (
				118346382CC636C100199EF8 /* Preview Assets.xcassets in Resources */,
				118346352CC636C100199EF8 /* Assets.xcassets in Resources */,
			);
			runOnlyForDeploymentPostprocessing = 0;
		};
		1183463B2CC636C100199EF8 /* Resources */ = {
			isa = PBXResourcesBuildPhase;
			buildActionMask = 2147483647;
			files = (
			);
			runOnlyForDeploymentPostprocessing = 0;
		};
		118346452CC636C100199EF8 /* Resources */ = {
			isa = PBXResourcesBuildPhase;
			buildActionMask = 2147483647;
			files = (
			);
			runOnlyForDeploymentPostprocessing = 0;
		};
/* End PBXResourcesBuildPhase section */

/* Begin PBXSourcesBuildPhase section */
		118346292CC636C000199EF8 /* Sources */ = {
			isa = PBXSourcesBuildPhase;
			buildActionMask = 2147483647;
			files = (
				118346332CC636C000199EF8 /* ContentView.swift in Sources */,
				118346312CC636C000199EF8 /* journalApp.swift in Sources */,
			);
			runOnlyForDeploymentPostprocessing = 0;
		};
		118346392CC636C100199EF8 /* Sources */ = {
			isa = PBXSourcesBuildPhase;
			buildActionMask = 2147483647;
			files = (
				118346422CC636C100199EF8 /* journalTests.swift in Sources */,
			);
			runOnlyForDeploymentPostprocessing = 0;
		};
		118346432CC636C100199EF8 /* Sources */ = {
			isa = PBXSourcesBuildPhase;
			buildActionMask = 2147483647;
			files = (
				1183464E2CC636C100199EF8 /* journalUITestsLaunchTests.swift in Sources */,
				1183464C2CC636C100199EF8 /* journalUITests.swift in Sources */,
			);
			runOnlyForDeploymentPostprocessing = 0;
		};
/* End PBXSourcesBuildPhase section */

/* Begin PBXTargetDependency section */
		1183463F2CC636C100199EF8 /* PBXTargetDependency */ = {
			isa = PBXTargetDependency;
			target = 1183462C2CC636C000199EF8 /* journal */;
			targetProxy = 1183463E2CC636C100199EF8 /* PBXContainerItemProxy */;
		};
		118346492CC636C100199EF8 /* PBXTargetDependency */ = {
			isa = PBXTargetDependency;
			target = 1183462C2CC636C000199EF8 /* journal */;
			targetProxy = 118346482CC636C100199EF8 /* PBXContainerItemProxy */;
		};
/* End PBXTargetDependency section */

/* Begin XCBuildConfiguration section */
		1183464F2CC636C100199EF8 /* Debug */ = {
			isa = XCBuildConfiguration;
			buildSettings = {
				ALWAYS_SEARCH_USER_PATHS = NO;
				ASSETCATALOG_COMPILER_GENERATE_SWIFT_ASSET_SYMBOL_EXTENSIONS = YES;
				CLANG_ANALYZER_NONNULL = YES;
				CLANG_ANALYZER_NUMBER_OBJECT_CONVERSION = YES_AGGRESSIVE;
				CLANG_CXX_LANGUAGE_STANDARD = "gnu++20";
				CLANG_ENABLE_MODULES = YES;
				CLANG_ENABLE_OBJC_ARC = YES;
				CLANG_ENABLE_OBJC_WEAK = YES;
				CLANG_WARN_BLOCK_CAPTURE_AUTORELEASING = YES;
				CLANG_WARN_BOOL_CONVERSION = YES;
				CLANG_WARN_COMMA = YES;
				CLANG_WARN_CONSTANT_CONVERSION = YES;
				CLANG_WARN_DEPRECATED_OBJC_IMPLEMENTATIONS = YES;
				CLANG_WARN_DIRECT_OBJC_ISA_USAGE = YES_ERROR;
				CLANG_WARN_DOCUMENTATION_COMMENTS = YES;
				CLANG_WARN_EMPTY_BODY = YES;
				CLANG_WARN_ENUM_CONVERSION = YES;
				CLANG_WARN_INFINITE_RECURSION = YES;
				CLANG_WARN_INT_CONVERSION = YES;
				CLANG_WARN_NON_LITERAL_NULL_CONVERSION = YES;
				CLANG_WARN_OBJC_IMPLICIT_RETAIN_SELF = YES;
				CLANG_WARN_OBJC_LITERAL_CONVERSION = YES;
				CLANG_WARN_OBJC_ROOT_CLASS = YES_ERROR;
				CLANG_WARN_QUOTED_INCLUDE_IN_FRAMEWORK_HEADER = YES;
				CLANG_WARN_RANGE_LOOP_ANALYSIS = YES;
				CLANG_WARN_STRICT_PROTOTYPES = YES;
				CLANG_WARN_SUSPICIOUS_MOVE = YES;
				CLANG_WARN_UNGUARDED_AVAILABILITY = YES_AGGRESSIVE;
				CLANG_WARN_UNREACHABLE_CODE = YES;
				CLANG_WARN__DUPLICATE_METHOD_MATCH = YES;
				COPY_PHASE_STRIP = NO;
				DEBUG_INFORMATION_FORMAT = dwarf;
				ENABLE_STRICT_OBJC_MSGSEND = YES;
				ENABLE_TESTABILITY = YES;
				ENABLE_USER_SCRIPT_SANDBOXING = YES;
				GCC_C_LANGUAGE_STANDARD = gnu17;
				GCC_DYNAMIC_NO_PIC = NO;
				GCC_NO_COMMON_BLOCKS = YES;
				GCC_OPTIMIZATION_LEVEL = 0;
				GCC_PREPROCESSOR_DEFINITIONS = (
					"DEBUG=1",
					"$(inherited)",
				);
				GCC_WARN_64_TO_32_BIT_CONVERSION = YES;
				GCC_WARN_ABOUT_RETURN_TYPE = YES_ERROR;
				GCC_WARN_UNDECLARED_SELECTOR = YES;
				GCC_WARN_UNINITIALIZED_AUTOS = YES_AGGRESSIVE;
				GCC_WARN_UNUSED_FUNCTION = YES;
				GCC_WARN_UNUSED_VARIABLE = YES;
				IPHONEOS_DEPLOYMENT_TARGET = 17.5;
				LOCALIZATION_PREFERS_STRING_CATALOGS = YES;
				MTL_ENABLE_DEBUG_INFO = INCLUDE_SOURCE;
				MTL_FAST_MATH = YES;
				ONLY_ACTIVE_ARCH = YES;
				SDKROOT = iphoneos;
				SWIFT_ACTIVE_COMPILATION_CONDITIONS = "DEBUG $(inherited)";
				SWIFT_OPTIMIZATION_LEVEL = "-Onone";
			};
			name = Debug;
		};
		118346502CC636C100199EF8 /* Release */ = {
			isa = XCBuildConfiguration;
			buildSettings = {
				ALWAYS_SEARCH_USER_PATHS = NO;
				ASSETCATALOG_COMPILER_GENERATE_SWIFT_ASSET_SYMBOL_EXTENSIONS = YES;
				CLANG_ANALYZER_NONNULL = YES;
				CLANG_ANALYZER_NUMBER_OBJECT_CONVERSION = YES_AGGRESSIVE;
				CLANG_CXX_LANGUAGE_STANDARD = "gnu++20";
				CLANG_ENABLE_MODULES = YES;
				CLANG_ENABLE_OBJC_ARC = YES;
				CLANG_ENABLE_OBJC_WEAK = YES;
				CLANG_WARN_BLOCK_CAPTURE_AUTORELEASING = YES;
				CLANG_WARN_BOOL_CONVERSION = YES;
				CLANG_WARN_COMMA = YES;
				CLANG_WARN_CONSTANT_CONVERSION = YES;
				CLANG_WARN_DEPRECATED_OBJC_IMPLEMENTATIONS = YES;
				CLANG_WARN_DIRECT_OBJC_ISA_USAGE = YES_ERROR;
				CLANG_WARN_DOCUMENTATION_COMMENTS = YES;
				CLANG_WARN_EMPTY_BODY = YES;
				CLANG_WARN_ENUM_CONVERSION = YES;
				CLANG_WARN_INFINITE_RECURSION = YES;
				CLANG_WARN_INT_CONVERSION = YES;
				CLANG_WARN_NON_LITERAL_NULL_CONVERSION = YES;
				CLANG_WARN_OBJC_IMPLICIT_RETAIN_SELF = YES;
				CLANG_WARN_OBJC_LITERAL_CONVERSION = YES;
				CLANG_WARN_OBJC_ROOT_CLASS = YES_ERROR;
				CLANG_WARN_QUOTED_INCLUDE_IN_FRAMEWORK_HEADER = YES;
				CLANG_WARN_RANGE_LOOP_ANALYSIS = YES;
				CLANG_WARN_STRICT_PROTOTYPES = YES;
				CLANG_WARN_SUSPICIOUS_MOVE = YES;
				CLANG_WARN_UNGUARDED_AVAILABILITY = YES_AGGRESSIVE;
				CLANG_WARN_UNREACHABLE_CODE = YES;
				CLANG_WARN__DUPLICATE_METHOD_MATCH = YES;
				COPY_PHASE_STRIP = NO;
				DEBUG_INFORMATION_FORMAT = "dwarf-with-dsym";
				ENABLE_NS_ASSERTIONS = NO;
				ENABLE_STRICT_OBJC_MSGSEND = YES;
				ENABLE_USER_SCRIPT_SANDBOXING = YES;
				GCC_C_LANGUAGE_STANDARD = gnu17;
				GCC_NO_COMMON_BLOCKS = YES;
				GCC_WARN_64_TO_32_BIT_CONVERSION = YES;
				GCC_WARN_ABOUT_RETURN_TYPE = YES_ERROR;
				GCC_WARN_UNDECLARED_SELECTOR = YES;
				GCC_WARN_UNINITIALIZED_AUTOS = YES_AGGRESSIVE;
				GCC_WARN_UNUSED_FUNCTION = YES;
				GCC_WARN_UNUSED_VARIABLE = YES;
				IPHONEOS_DEPLOYMENT_TARGET = 17.5;
				LOCALIZATION_PREFERS_STRING_CATALOGS = YES;
				MTL_ENABLE_DEBUG_INFO = NO;
				MTL_FAST_MATH = YES;
				SDKROOT = iphoneos;
				SWIFT_COMPILATION_MODE = wholemodule;
				VALIDATE_PRODUCT = YES;
			};
			name = Release;
		};
		118346522CC636C100199EF8 /* Debug */ = {
			isa = XCBuildConfiguration;
			buildSettings = {
				ASSETCATALOG_COMPILER_APPICON_NAME = AppIcon;
				ASSETCATALOG_COMPILER_GLOBAL_ACCENT_COLOR_NAME = AccentColor;
				CODE_SIGN_STYLE = Automatic;
				CURRENT_PROJECT_VERSION = 1;
				DEVELOPMENT_ASSET_PATHS = "\"journal/Preview Content\"";
				ENABLE_PREVIEWS = YES;
				GENERATE_INFOPLIST_FILE = YES;
				INFOPLIST_KEY_UIApplicationSceneManifest_Generation = YES;
				INFOPLIST_KEY_UIApplicationSupportsIndirectInputEvents = YES;
				INFOPLIST_KEY_UILaunchScreen_Generation = YES;
				INFOPLIST_KEY_UISupportedInterfaceOrientations_iPad = "UIInterfaceOrientationPortrait UIInterfaceOrientationPortraitUpsideDown UIInterfaceOrientationLandscapeLeft UIInterfaceOrientationLandscapeRight";
				INFOPLIST_KEY_UISupportedInterfaceOrientations_iPhone = "UIInterfaceOrientationPortrait UIInterfaceOrientationLandscapeLeft UIInterfaceOrientationLandscapeRight";
				LD_RUNPATH_SEARCH_PATHS = (
					"$(inherited)",
					"@executable_path/Frameworks",
				);
				MARKETING_VERSION = 1.0;
				PRODUCT_BUNDLE_IDENTIFIER = come.Reem.journal;
				PRODUCT_NAME = "$(TARGET_NAME)";
				SWIFT_EMIT_LOC_STRINGS = YES;
				SWIFT_VERSION = 5.0;
				TARGETED_DEVICE_FAMILY = "1,2";
			};
			name = Debug;
		};
		118346532CC636C100199EF8 /* Release */ = {
			isa = XCBuildConfiguration;
			buildSettings = {
				ASSETCATALOG_COMPILER_APPICON_NAME = AppIcon;
				ASSETCATALOG_COMPILER_GLOBAL_ACCENT_COLOR_NAME = AccentColor;
				CODE_SIGN_STYLE = Automatic;
				CURRENT_PROJECT_VERSION = 1;
				DEVELOPMENT_ASSET_PATHS = "\"journal/Preview Content\"";
				ENABLE_PREVIEWS = YES;
				GENERATE_INFOPLIST_FILE = YES;
				INFOPLIST_KEY_UIApplicationSceneManifest_Generation = YES;
				INFOPLIST_KEY_UIApplicationSupportsIndirectInputEvents = YES;
				INFOPLIST_KEY_UILaunchScreen_Generation = YES;
				INFOPLIST_KEY_UISupportedInterfaceOrientations_iPad = "UIInterfaceOrientationPortrait UIInterfaceOrientationPortraitUpsideDown UIInterfaceOrientationLandscapeLeft UIInterfaceOrientationLandscapeRight";
				INFOPLIST_KEY_UISupportedInterfaceOrientations_iPhone = "UIInterfaceOrientationPortrait UIInterfaceOrientationLandscapeLeft UIInterfaceOrientationLandscapeRight";
				LD_RUNPATH_SEARCH_PATHS = (
					"$(inherited)",
					"@executable_path/Frameworks",
				);
				MARKETING_VERSION = 1.0;
				PRODUCT_BUNDLE_IDENTIFIER = come.Reem.journal;
				PRODUCT_NAME = "$(TARGET_NAME)";
				SWIFT_EMIT_LOC_STRINGS = YES;
				SWIFT_VERSION = 5.0;
				TARGETED_DEVICE_FAMILY = "1,2";
			};
			name = Release;
		};
		118346552CC636C100199EF8 /* Debug */ = {
			isa = XCBuildConfiguration;
			buildSettings = {
				ALWAYS_EMBED_SWIFT_STANDARD_LIBRARIES = YES;
				BUNDLE_LOADER = "$(TEST_HOST)";
				CODE_SIGN_STYLE = Automatic;
				CURRENT_PROJECT_VERSION = 1;
				GENERATE_INFOPLIST_FILE = YES;
				IPHONEOS_DEPLOYMENT_TARGET = 17.5;
				MARKETING_VERSION = 1.0;
				PRODUCT_BUNDLE_IDENTIFIER = come.Reem.journalTests;
				PRODUCT_NAME = "$(TARGET_NAME)";
				SWIFT_EMIT_LOC_STRINGS = NO;
				SWIFT_VERSION = 5.0;
				TARGETED_DEVICE_FAMILY = "1,2";
				TEST_HOST = "$(BUILT_PRODUCTS_DIR)/journal.app/$(BUNDLE_EXECUTABLE_FOLDER_PATH)/journal";
			};
			name = Debug;
		};
		118346562CC636C100199EF8 /* Release */ = {
			isa = XCBuildConfiguration;
			buildSettings = {
				ALWAYS_EMBED_SWIFT_STANDARD_LIBRARIES = YES;
				BUNDLE_LOADER = "$(TEST_HOST)";
				CODE_SIGN_STYLE = Automatic;
				CURRENT_PROJECT_VERSION = 1;
				GENERATE_INFOPLIST_FILE = YES;
				IPHONEOS_DEPLOYMENT_TARGET = 17.5;
				MARKETING_VERSION = 1.0;
				PRODUCT_BUNDLE_IDENTIFIER = come.Reem.journalTests;
				PRODUCT_NAME = "$(TARGET_NAME)";
				SWIFT_EMIT_LOC_STRINGS = NO;
				SWIFT_VERSION = 5.0;
				TARGETED_DEVICE_FAMILY = "1,2";
				TEST_HOST = "$(BUILT_PRODUCTS_DIR)/journal.app/$(BUNDLE_EXECUTABLE_FOLDER_PATH)/journal";
			};
			name = Release;
		};
		118346582CC636C100199EF8 /* Debug */ = {
			isa = XCBuildConfiguration;
			buildSettings = {
				ALWAYS_EMBED_SWIFT_STANDARD_LIBRARIES = YES;
				CODE_SIGN_STYLE = Automatic;
				CURRENT_PROJECT_VERSION = 1;
				GENERATE_INFOPLIST_FILE = YES;
				MARKETING_VERSION = 1.0;
				PRODUCT_BUNDLE_IDENTIFIER = come.Reem.journalUITests;
				PRODUCT_NAME = "$(TARGET_NAME)";
				SWIFT_EMIT_LOC_STRINGS = NO;
				SWIFT_VERSION = 5.0;
				TARGETED_DEVICE_FAMILY = "1,2";
				TEST_TARGET_NAME = journal;
			};
			name = Debug;
		};
		118346592CC636C100199EF8 /* Release */ = {
			isa = XCBuildConfiguration;
			buildSettings = {
				ALWAYS_EMBED_SWIFT_STANDARD_LIBRARIES = YES;
				CODE_SIGN_STYLE = Automatic;
				CURRENT_PROJECT_VERSION = 1;
				GENERATE_INFOPLIST_FILE = YES;
				MARKETING_VERSION = 1.0;
				PRODUCT_BUNDLE_IDENTIFIER = come.Reem.journalUITests;
				PRODUCT_NAME = "$(TARGET_NAME)";
				SWIFT_EMIT_LOC_STRINGS = NO;
				SWIFT_VERSION = 5.0;
				TARGETED_DEVICE_FAMILY = "1,2";
				TEST_TARGET_NAME = journal;
			};
			name = Release;
		};
/* End XCBuildConfiguration section */

/* Begin XCConfigurationList section */
		118346282CC636C000199EF8 /* Build configuration list for PBXProject "journal" */ = {
			isa = XCConfigurationList;
			buildConfigurations = (
				1183464F2CC636C100199EF8 /* Debug */,
				118346502CC636C100199EF8 /* Release */,
			);
			defaultConfigurationIsVisible = 0;
			defaultConfigurationName = Release;
		};
		118346512CC636C100199EF8 /* Build configuration list for PBXNativeTarget "journal" */ = {
			isa = XCConfigurationList;
			buildConfigurations = (
				118346522CC636C100199EF8 /* Debug */,
				118346532CC636C100199EF8 /* Release */,
			);
			defaultConfigurationIsVisible = 0;
			defaultConfigurationName = Release;
		};
		118346542CC636C100199EF8 /* Build configuration list for PBXNativeTarget "journalTests" */ = {
			isa = XCConfigurationList;
			buildConfigurations = (
				118346552CC636C100199EF8 /* Debug */,
				118346562CC636C100199EF8 /* Release */,
			);
			defaultConfigurationIsVisible = 0;
			defaultConfigurationName = Release;
		};
		118346572CC636C100199EF8 /* Build configuration list for PBXNativeTarget "journalUITests" */ = {
			isa = XCConfigurationList;
			buildConfigurations = (
				118346582CC636C100199EF8 /* Debug */,
				118346592CC636C100199EF8 /* Release */,
			);
			defaultConfigurationIsVisible = 0;
			defaultConfigurationName = Release;
		};
/* End XCConfigurationList section */
	};
	rootObject = 118346252CC636C000199EF8 /* Project object */;
}
